
Microsoft Visual Studio Solution File, Format Version 12.00
# Visual Studio Version 17
VisualStudioVersion = 17.6.33829.357
MinimumVisualStudioVersion = 10.0.40219.1
Project("{FAE04EC0-301F-11D3-BF4B-00C04F79EFBC}") = "ListElementAnalyzer", "ListElementAnalyzer\ListElementAnalyzer.csproj", "{896F48FD-0660-4579-B0B7-DF5F25FF74EB}"
EndProject
Global
	GlobalSection(SolutionConfigurationPlatforms) = preSolution
		Debug|Any CPU = Debug|Any CPU
		Release|Any CPU = Release|Any CPU
	EndGlobalSection
	GlobalSection(ProjectConfigurationPlatforms) = postSolution
		{896F48FD-0660-4579-B0B7-DF5F25FF74EB}.Debug|Any CPU.ActiveCfg = Debug|Any CPU
		{896F48FD-0660-4579-B0B7-DF5F25FF74EB}.Debug|Any CPU.Build.0 = Debug|Any CPU
		{896F48FD-0660-4579-B0B7-DF5F25FF74EB}.Release|Any CPU.ActiveCfg = Release|Any CPU
		{896F48FD-0660-4579-B0B7-DF5F25FF74EB}.Release|Any CPU.Build.0 = Release|Any CPU
	EndGlobalSection
	GlobalSection(SolutionProperties) = preSolution
		HideSolutionNode = FALSE
	EndGlobalSection
	GlobalSection(ExtensibilityGlobals) = postSolution
		SolutionGuid = {800AEFF5-79F1-4883-80E0-CC02D540AD88}
	EndGlobalSection
EndGlobal
